
Microsoft Visual Studio Solution File, Format Version 12.00
# Visual Studio Version 17
VisualStudioVersion = 17.2.32616.157
MinimumVisualStudioVersion = 10.0.40219.1
Project("{FAE04EC0-301F-11D3-BF4B-00C04F79EFBC}") = "SharpWiki.Shared", "SharpWiki.Shared\SharpWiki.Shared.csproj", "{6AA15776-6C2E-452D-B095-913F2E6B56C3}"
EndProject
Project("{FAE04EC0-301F-11D3-BF4B-00C04F79EFBC}") = "SharpWiki.Site", "SharpWiki.Site\SharpWiki.Site.csproj", "{B4C2AC84-FB5E-4C48-9DC2-800ECB24A3DF}"
EndProject
Project("{FAE04EC0-301F-11D3-BF4B-00C04F79EFBC}") = "CodeGeneration", "CodeGeneration\CodeGeneration.csproj", "{B6E792BD-E394-45A1-ACC0-1B0D73098F08}"
EndProject
Global
	GlobalSection(SolutionConfigurationPlatforms) = preSolution
		Debug|Any CPU = Debug|Any CPU
		Release|Any CPU = Release|Any CPU
	EndGlobalSection
	GlobalSection(ProjectConfigurationPlatforms) = postSolution
		{6AA15776-6C2E-452D-B095-913F2E6B56C3}.Debug|Any CPU.ActiveCfg = Debug|Any CPU
		{6AA15776-6C2E-452D-B095-913F2E6B56C3}.Debug|Any CPU.Build.0 = Debug|Any CPU
		{6AA15776-6C2E-452D-B095-913F2E6B56C3}.Release|Any CPU.ActiveCfg = Release|Any CPU
		{6AA15776-6C2E-452D-B095-913F2E6B56C3}.Release|Any CPU.Build.0 = Release|Any CPU
		{B4C2AC84-FB5E-4C48-9DC2-800ECB24A3DF}.Debug|Any CPU.ActiveCfg = Debug|Any CPU
		{B4C2AC84-FB5E-4C48-9DC2-800ECB24A3DF}.Debug|Any CPU.Build.0 = Debug|Any CPU
		{B4C2AC84-FB5E-4C48-9DC2-800ECB24A3DF}.Release|Any CPU.ActiveCfg = Release|Any CPU
		{B4C2AC84-FB5E-4C48-9DC2-800ECB24A3DF}.Release|Any CPU.Build.0 = Release|Any CPU
		{B6E792BD-E394-45A1-ACC0-1B0D73098F08}.Debug|Any CPU.ActiveCfg = Debug|Any CPU
		{B6E792BD-E394-45A1-ACC0-1B0D73098F08}.Debug|Any CPU.Build.0 = Debug|Any CPU
		{B6E792BD-E394-45A1-ACC0-1B0D73098F08}.Release|Any CPU.ActiveCfg = Release|Any CPU
		{B6E792BD-E394-45A1-ACC0-1B0D73098F08}.Release|Any CPU.Build.0 = Release|Any CPU
	EndGlobalSection
	GlobalSection(SolutionProperties) = preSolution
		HideSolutionNode = FALSE
	EndGlobalSection
	GlobalSection(ExtensibilityGlobals) = postSolution
		SolutionGuid = {F9DCBE7F-07C8-421E-A346-C694513DA5FF}
	EndGlobalSection
EndGlobal
