
Microsoft Visual Studio Solution File, Format Version 12.00
# Visual Studio Version 17
VisualStudioVersion = 17.2.32616.157
MinimumVisualStudioVersion = 10.0.40219.1
Project("{9A19103F-16F7-4668-BE54-9A1E7A4F7556}") = "TightWiki", "TightWiki\TightWiki.csproj", "{D21C2842-5294-4892-97C4-E8564BA4323C}"
EndProject
Project("{FAE04EC0-301F-11D3-BF4B-00C04F79EFBC}") = "TightWiki.Shared", "TightWiki.Shared\TightWiki.Shared.csproj", "{525FD31E-132F-4515-9171-7F3054548EFE}"
EndProject
Global
	GlobalSection(SolutionConfigurationPlatforms) = preSolution
		Debug|Any CPU = Debug|Any CPU
		Release|Any CPU = Release|Any CPU
	EndGlobalSection
	GlobalSection(ProjectConfigurationPlatforms) = postSolution
		{D21C2842-5294-4892-97C4-E8564BA4323C}.Debug|Any CPU.ActiveCfg = Debug|Any CPU
		{D21C2842-5294-4892-97C4-E8564BA4323C}.Debug|Any CPU.Build.0 = Debug|Any CPU
		{D21C2842-5294-4892-97C4-E8564BA4323C}.Release|Any CPU.ActiveCfg = Release|Any CPU
		{D21C2842-5294-4892-97C4-E8564BA4323C}.Release|Any CPU.Build.0 = Release|Any CPU
		{525FD31E-132F-4515-9171-7F3054548EFE}.Debug|Any CPU.ActiveCfg = Debug|Any CPU
		{525FD31E-132F-4515-9171-7F3054548EFE}.Debug|Any CPU.Build.0 = Debug|Any CPU
		{525FD31E-132F-4515-9171-7F3054548EFE}.Release|Any CPU.ActiveCfg = Release|Any CPU
		{525FD31E-132F-4515-9171-7F3054548EFE}.Release|Any CPU.Build.0 = Release|Any CPU
	EndGlobalSection
	GlobalSection(SolutionProperties) = preSolution
		HideSolutionNode = FALSE
	EndGlobalSection
	GlobalSection(ExtensibilityGlobals) = postSolution
		SolutionGuid = {31E3AF22-CDFB-4FAD-9073-30BC3FC79760}
	EndGlobalSection
EndGlobal
