
Microsoft Visual Studio Solution File, Format Version 12.00
# Visual Studio Version 18
VisualStudioVersion = 18.4.11612.150
MinimumVisualStudioVersion = 10.0.40219.1
Project("{9A19103F-16F7-4668-BE54-9A1E7A4F7556}") = "TightWiki", "TightWiki\TightWiki.csproj", "{D738E581-7699-4C8D-B965-92970C75C110}"
EndProject
Project("{9A19103F-16F7-4668-BE54-9A1E7A4F7556}") = "Mssql2Sqlite", "Mssql2Sqlite\Mssql2Sqlite.csproj", "{21248F3B-540E-42EB-9500-4613040F6782}"
EndProject
Project("{9A19103F-16F7-4668-BE54-9A1E7A4F7556}") = "TightWiki.Repository", "TightWiki.Repository\TightWiki.Repository.csproj", "{86FE0D32-1E45-47FC-9A52-5CBAAF0DA5C1}"
EndProject
Project("{9A19103F-16F7-4668-BE54-9A1E7A4F7556}") = "TightWiki.Engine", "TightWiki.Engine\TightWiki.Engine.csproj", "{06FEB53F-CCB0-4A52-8C92-588AE33B52A3}"
EndProject
Project("{9A19103F-16F7-4668-BE54-9A1E7A4F7556}") = "DummyPageGenerator", "DummyPageGenerator\DummyPageGenerator.csproj", "{829D715C-700C-418F-974C-72060A88EED7}"
EndProject
Project("{2150E333-8FDC-42A3-9474-1A3956D46DE8}") = "Engine", "Engine", "{E877E5D9-BD3A-486A-ABA6-B890133D5220}"
EndProject
Project("{2150E333-8FDC-42A3-9474-1A3956D46DE8}") = "Utilities", "Utilities", "{B20FC982-E0BE-4893-A3B4-535C3E48EBE6}"
EndProject
Project("{2150E333-8FDC-42A3-9474-1A3956D46DE8}") = "Documentation", "Documentation", "{37166B8B-6665-4D4C-B29E-67CA9D68E5EF}"
	ProjectSection(SolutionItems) = preProject
		Highlight.js.md = Highlight.js.md
		Notes.md = Notes.md
	EndProjectSection
EndProject
Project("{2150E333-8FDC-42A3-9474-1A3956D46DE8}") = "Library", "Library", "{66FB66E3-739C-44E8-B692-B714F41C3641}"
EndProject
Project("{FAE04EC0-301F-11D3-BF4B-00C04F79EFBC}") = "GenerateSeedData", "GenerateSeedData\GenerateSeedData.csproj", "{AF2BE41A-FF04-EAA7-EB00-B73AA37F6251}"
EndProject
Project("{FAE04EC0-301F-11D3-BF4B-00C04F79EFBC}") = "LocalizerScan", "LocalizerScan\LocalizerScan.csproj", "{D77B9820-653B-49E9-8BD3-4BFEF93D7932}"
EndProject
Project("{FAE04EC0-301F-11D3-BF4B-00C04F79EFBC}") = "TightWiki.Tests", "TightWiki.Tests\TightWiki.Tests.csproj", "{055C5A21-9A83-5728-ABB9-0CA449E9562E}"
EndProject
Project("{FAE04EC0-301F-11D3-BF4B-00C04F79EFBC}") = "TightWiki.Test.Library", "TightWiki.Test.Library\TightWiki.Test.Library.csproj", "{452534D4-E85E-4BCE-833C-DD3EB593FCFA}"
EndProject
Project("{2150E333-8FDC-42A3-9474-1A3956D46DE8}") = "Testing", "Testing", "{E4609620-85A5-4908-BA51-53F913666E70}"
EndProject
Project("{FAE04EC0-301F-11D3-BF4B-00C04F79EFBC}") = "TightWiki.Test.CaseGenerator", "TightWiki.Test.CaseGenerator\TightWiki.Test.CaseGenerator.csproj", "{0312383C-6294-4CDE-94BA-E14C464D2A3D}"
EndProject
Project("{FAE04EC0-301F-11D3-BF4B-00C04F79EFBC}") = "TightWiki.Plugin", "TightWiki.Plugin\TightWiki.Plugin.csproj", "{5FB88759-C371-477E-9C29-5D5246B7108F}"
EndProject
Project("{FAE04EC0-301F-11D3-BF4B-00C04F79EFBC}") = "TightWiki.Plugin.Default", "TightWiki.Plugin.Default\TightWiki.Plugin.Default.csproj", "{CA79D1DD-651E-00E8-8AF5-9940C89251AD}"
EndProject
Project("{2150E333-8FDC-42A3-9474-1A3956D46DE8}") = "Plugins", "Plugins", "{FFE90C6C-7859-444B-8644-6CA12FA75B7D}"
EndProject
Project("{FAE04EC0-301F-11D3-BF4B-00C04F79EFBC}") = "TightWiki.Library", "TightWiki.Library\TightWiki.Library.csproj", "{DABD29FE-1FDA-4EA5-898D-87C7DC4FD09D}"
EndProject
Project("{FAE04EC0-301F-11D3-BF4B-00C04F79EFBC}") = "TightWiki.Plugin.Example", "TightWiki.Plugin.Example\TightWiki.Plugin.Example.csproj", "{3283A2E9-CFA1-23A3-2760-F54E3B94E8BC}"
EndProject
Global
	GlobalSection(SolutionConfigurationPlatforms) = preSolution
		Debug|Any CPU = Debug|Any CPU
		Release|Any CPU = Release|Any CPU
	EndGlobalSection
	GlobalSection(ProjectConfigurationPlatforms) = postSolution
		{D738E581-7699-4C8D-B965-92970C75C110}.Debug|Any CPU.ActiveCfg = Debug|Any CPU
		{D738E581-7699-4C8D-B965-92970C75C110}.Debug|Any CPU.Build.0 = Debug|Any CPU
		{D738E581-7699-4C8D-B965-92970C75C110}.Release|Any CPU.ActiveCfg = Release|Any CPU
		{D738E581-7699-4C8D-B965-92970C75C110}.Release|Any CPU.Build.0 = Release|Any CPU
		{21248F3B-540E-42EB-9500-4613040F6782}.Debug|Any CPU.ActiveCfg = Debug|Any CPU
		{21248F3B-540E-42EB-9500-4613040F6782}.Debug|Any CPU.Build.0 = Debug|Any CPU
		{21248F3B-540E-42EB-9500-4613040F6782}.Release|Any CPU.ActiveCfg = Release|Any CPU
		{21248F3B-540E-42EB-9500-4613040F6782}.Release|Any CPU.Build.0 = Release|Any CPU
		{86FE0D32-1E45-47FC-9A52-5CBAAF0DA5C1}.Debug|Any CPU.ActiveCfg = Debug|Any CPU
		{86FE0D32-1E45-47FC-9A52-5CBAAF0DA5C1}.Debug|Any CPU.Build.0 = Debug|Any CPU
		{86FE0D32-1E45-47FC-9A52-5CBAAF0DA5C1}.Release|Any CPU.ActiveCfg = Release|Any CPU
		{86FE0D32-1E45-47FC-9A52-5CBAAF0DA5C1}.Release|Any CPU.Build.0 = Release|Any CPU
		{06FEB53F-CCB0-4A52-8C92-588AE33B52A3}.Debug|Any CPU.ActiveCfg = Debug|Any CPU
		{06FEB53F-CCB0-4A52-8C92-588AE33B52A3}.Debug|Any CPU.Build.0 = Debug|Any CPU
		{06FEB53F-CCB0-4A52-8C92-588AE33B52A3}.Release|Any CPU.ActiveCfg = Release|Any CPU
		{06FEB53F-CCB0-4A52-8C92-588AE33B52A3}.Release|Any CPU.Build.0 = Release|Any CPU
		{829D715C-700C-418F-974C-72060A88EED7}.Debug|Any CPU.ActiveCfg = Debug|Any CPU
		{829D715C-700C-418F-974C-72060A88EED7}.Debug|Any CPU.Build.0 = Debug|Any CPU
		{829D715C-700C-418F-974C-72060A88EED7}.Release|Any CPU.ActiveCfg = Release|Any CPU
		{829D715C-700C-418F-974C-72060A88EED7}.Release|Any CPU.Build.0 = Release|Any CPU
		{AF2BE41A-FF04-EAA7-EB00-B73AA37F6251}.Debug|Any CPU.ActiveCfg = Debug|Any CPU
		{AF2BE41A-FF04-EAA7-EB00-B73AA37F6251}.Debug|Any CPU.Build.0 = Debug|Any CPU
		{AF2BE41A-FF04-EAA7-EB00-B73AA37F6251}.Release|Any CPU.ActiveCfg = Release|Any CPU
		{AF2BE41A-FF04-EAA7-EB00-B73AA37F6251}.Release|Any CPU.Build.0 = Release|Any CPU
		{D77B9820-653B-49E9-8BD3-4BFEF93D7932}.Debug|Any CPU.ActiveCfg = Debug|Any CPU
		{D77B9820-653B-49E9-8BD3-4BFEF93D7932}.Debug|Any CPU.Build.0 = Debug|Any CPU
		{D77B9820-653B-49E9-8BD3-4BFEF93D7932}.Release|Any CPU.ActiveCfg = Release|Any CPU
		{D77B9820-653B-49E9-8BD3-4BFEF93D7932}.Release|Any CPU.Build.0 = Release|Any CPU
		{055C5A21-9A83-5728-ABB9-0CA449E9562E}.Debug|Any CPU.ActiveCfg = Debug|Any CPU
		{055C5A21-9A83-5728-ABB9-0CA449E9562E}.Debug|Any CPU.Build.0 = Debug|Any CPU
		{055C5A21-9A83-5728-ABB9-0CA449E9562E}.Release|Any CPU.ActiveCfg = Release|Any CPU
		{055C5A21-9A83-5728-ABB9-0CA449E9562E}.Release|Any CPU.Build.0 = Release|Any CPU
		{452534D4-E85E-4BCE-833C-DD3EB593FCFA}.Debug|Any CPU.ActiveCfg = Debug|Any CPU
		{452534D4-E85E-4BCE-833C-DD3EB593FCFA}.Debug|Any CPU.Build.0 = Debug|Any CPU
		{452534D4-E85E-4BCE-833C-DD3EB593FCFA}.Release|Any CPU.ActiveCfg = Release|Any CPU
		{452534D4-E85E-4BCE-833C-DD3EB593FCFA}.Release|Any CPU.Build.0 = Release|Any CPU
		{0312383C-6294-4CDE-94BA-E14C464D2A3D}.Debug|Any CPU.ActiveCfg = Debug|Any CPU
		{0312383C-6294-4CDE-94BA-E14C464D2A3D}.Debug|Any CPU.Build.0 = Debug|Any CPU
		{0312383C-6294-4CDE-94BA-E14C464D2A3D}.Release|Any CPU.ActiveCfg = Release|Any CPU
		{0312383C-6294-4CDE-94BA-E14C464D2A3D}.Release|Any CPU.Build.0 = Release|Any CPU
		{5FB88759-C371-477E-9C29-5D5246B7108F}.Debug|Any CPU.ActiveCfg = Debug|Any CPU
		{5FB88759-C371-477E-9C29-5D5246B7108F}.Debug|Any CPU.Build.0 = Debug|Any CPU
		{5FB88759-C371-477E-9C29-5D5246B7108F}.Release|Any CPU.ActiveCfg = Release|Any CPU
		{5FB88759-C371-477E-9C29-5D5246B7108F}.Release|Any CPU.Build.0 = Release|Any CPU
		{CA79D1DD-651E-00E8-8AF5-9940C89251AD}.Debug|Any CPU.ActiveCfg = Debug|Any CPU
		{CA79D1DD-651E-00E8-8AF5-9940C89251AD}.Debug|Any CPU.Build.0 = Debug|Any CPU
		{CA79D1DD-651E-00E8-8AF5-9940C89251AD}.Release|Any CPU.ActiveCfg = Release|Any CPU
		{CA79D1DD-651E-00E8-8AF5-9940C89251AD}.Release|Any CPU.Build.0 = Release|Any CPU
		{DABD29FE-1FDA-4EA5-898D-87C7DC4FD09D}.Debug|Any CPU.ActiveCfg = Debug|Any CPU
		{DABD29FE-1FDA-4EA5-898D-87C7DC4FD09D}.Debug|Any CPU.Build.0 = Debug|Any CPU
		{DABD29FE-1FDA-4EA5-898D-87C7DC4FD09D}.Release|Any CPU.ActiveCfg = Release|Any CPU
		{DABD29FE-1FDA-4EA5-898D-87C7DC4FD09D}.Release|Any CPU.Build.0 = Release|Any CPU
		{3283A2E9-CFA1-23A3-2760-F54E3B94E8BC}.Debug|Any CPU.ActiveCfg = Debug|Any CPU
		{3283A2E9-CFA1-23A3-2760-F54E3B94E8BC}.Debug|Any CPU.Build.0 = Debug|Any CPU
		{3283A2E9-CFA1-23A3-2760-F54E3B94E8BC}.Release|Any CPU.ActiveCfg = Release|Any CPU
		{3283A2E9-CFA1-23A3-2760-F54E3B94E8BC}.Release|Any CPU.Build.0 = Release|Any CPU
	EndGlobalSection
	GlobalSection(SolutionProperties) = preSolution
		HideSolutionNode = FALSE
	EndGlobalSection
	GlobalSection(NestedProjects) = preSolution
		{21248F3B-540E-42EB-9500-4613040F6782} = {B20FC982-E0BE-4893-A3B4-535C3E48EBE6}
		{86FE0D32-1E45-47FC-9A52-5CBAAF0DA5C1} = {66FB66E3-739C-44E8-B692-B714F41C3641}
		{06FEB53F-CCB0-4A52-8C92-588AE33B52A3} = {E877E5D9-BD3A-486A-ABA6-B890133D5220}
		{829D715C-700C-418F-974C-72060A88EED7} = {B20FC982-E0BE-4893-A3B4-535C3E48EBE6}
		{AF2BE41A-FF04-EAA7-EB00-B73AA37F6251} = {B20FC982-E0BE-4893-A3B4-535C3E48EBE6}
		{D77B9820-653B-49E9-8BD3-4BFEF93D7932} = {B20FC982-E0BE-4893-A3B4-535C3E48EBE6}
		{055C5A21-9A83-5728-ABB9-0CA449E9562E} = {E4609620-85A5-4908-BA51-53F913666E70}
		{452534D4-E85E-4BCE-833C-DD3EB593FCFA} = {E4609620-85A5-4908-BA51-53F913666E70}
		{0312383C-6294-4CDE-94BA-E14C464D2A3D} = {E4609620-85A5-4908-BA51-53F913666E70}
		{5FB88759-C371-477E-9C29-5D5246B7108F} = {66FB66E3-739C-44E8-B692-B714F41C3641}
		{CA79D1DD-651E-00E8-8AF5-9940C89251AD} = {FFE90C6C-7859-444B-8644-6CA12FA75B7D}
		{DABD29FE-1FDA-4EA5-898D-87C7DC4FD09D} = {66FB66E3-739C-44E8-B692-B714F41C3641}
		{3283A2E9-CFA1-23A3-2760-F54E3B94E8BC} = {FFE90C6C-7859-444B-8644-6CA12FA75B7D}
	EndGlobalSection
	GlobalSection(ExtensibilityGlobals) = postSolution
		SolutionGuid = {3299E570-76FA-4831-9150-C1CCF4CB50E0}
	EndGlobalSection
EndGlobal
